
Microsoft Visual Studio Solution File, Format Version 12.00
# Visual Studio 15
VisualStudioVersion = 15.0.28307.136
MinimumVisualStudioVersion = 10.0.40219.1
Project("{9A19103F-16F7-4668-BE54-9A1E7A4F7556}") = "WebApplication1", "WebApplication1\WebApplication1.csproj", "{2DC07EF4-C82C-4F62-B827-316C6B3C9FDD}"
EndProject
Global
	GlobalSection(SolutionConfigurationPlatforms) = preSolution
		Debug|Any CPU = Debug|Any CPU
		Release|Any CPU = Release|Any CPU
	EndGlobalSection
	GlobalSection(ProjectConfigurationPlatforms) = postSolution
		{2DC07EF4-C82C-4F62-B827-316C6B3C9FDD}.Debug|Any CPU.ActiveCfg = Debug|Any CPU
		{2DC07EF4-C82C-4F62-B827-316C6B3C9FDD}.Debug|Any CPU.Build.0 = Debug|Any CPU
		{2DC07EF4-C82C-4F62-B827-316C6B3C9FDD}.Release|Any CPU.ActiveCfg = Release|Any CPU
		{2DC07EF4-C82C-4F62-B827-316C6B3C9FDD}.Release|Any CPU.Build.0 = Release|Any CPU
	EndGlobalSection
	GlobalSection(SolutionProperties) = preSolution
		HideSolutionNode = FALSE
	EndGlobalSection
	GlobalSection(ExtensibilityGlobals) = postSolution
		SolutionGuid = {15353BED-7728-44EF-8883-AFE0CD206274}
	EndGlobalSection
EndGlobal
